<?xml version="1.0" encoding="utf-8"?>
<Project ToolsVersion="4.0" xmlns="http://schemas.microsoft.com/developer/msbuild/2003">
  <ItemGroup>
    <None Include="packages.config" />
  </ItemGroup>
  <ItemGroup>
    <ClCompile Include="main.cpp" />
    <ClCompile Include="benchmarks\bm_memoryAccess.cpp" />
    <ClCompile Include="benchmarks\bm_instructionParallelism.cpp" />
    <ClCompile Include="benchmarks\bm_cacheLevels.cpp" />
  </ItemGroup>
  <ItemGroup>
    <ClInclude Include="setup.h" />
  </ItemGroup>
</Project>